<?xml version="1.0" encoding="UTF-8" standalone="yes" ?>
<CodeBlocks_project_file>
	<FileVersion major="1" minor="6" />
	<Project>
		<Option title="World of Slish" />
		<Option pch_mode="2" />
		<Option compiler="gcc" />
		<Build>
			<Target title="Debug">
				<Option output="bin/Debug/World of Slish" prefix_auto="1" extension_auto="1" />
				<Option object_output="obj/Debug/" />
				<Option type="1" />
				<Option compiler="gcc" />
				<Compiler>
					<Add option="-g" />
				</Compiler>
			</Target>
			<Target title="Release">
				<Option output="bin/Release/World of Slish" prefix_auto="1" extension_auto="1" />
				<Option object_output="obj/Release/" />
				<Option type="0" />
				<Option compiler="gcc" />
				<Compiler>
					<Add option="-O2" />
				</Compiler>
				<Linker>
					<Add option="-s" />
				</Linker>
			</Target>
		</Build>
		<Compiler>
			<Add option="-Wall" />
			<Add directory="headers" />
		</Compiler>
		<ResourceCompiler>
			<Add directory="resources" />
		</ResourceCompiler>
		<Linker>
			<Add option="`sdl2-config --libs`" />
			<Add library="SDL2_image" />
			<Add library="SDL2_ttf" />
		</Linker>
		<Unit filename="headers/Entity.h" />
		<Unit filename="headers/Green_Slish.h" />
		<Unit filename="headers/Player.h" />
		<Unit filename="headers/Utils/Motion.h" />
		<Unit filename="main.cpp" />
		<Unit filename="sources/Entity.cpp" />
		<Unit filename="sources/Green_Slish.cpp" />
		<Unit filename="sources/Player.cpp" />
		<Extensions />
	</Project>
</CodeBlocks_project_file>
